// !$*UTF8*$!
{
	archiveVersion = 1;
	classes = {
	};
	objectVersion = 46;
	objects = {

/* Begin PBXBuildFile section */
		648EA90E1B095A0D00859208 /* main.m in Sources */ = {isa = PBXBuildFile; fileRef = 648EA90D1B095A0D00859208 /* main.m */; };
		648EA9111B095A0D00859208 /* AppDelegate.m in Sources */ = {isa = PBXBuildFile; fileRef = 648EA9101B095A0D00859208 /* AppDelegate.m */; };
		648EA9141B095A0D00859208 /* ViewController.m in Sources */ = {isa = PBXBuildFile; fileRef = 648EA9131B095A0D00859208 /* ViewController.m */; };
		648EA9171B095A0D00859208 /* Main.storyboard in Resources */ = {isa = PBXBuildFile; fileRef = 648EA9151B095A0D00859208 /* Main.storyboard */; };
		648EA9191B095A0D00859208 /* Images.xcassets in Resources */ = {isa = PBXBuildFile; fileRef = 648EA9181B095A0D00859208 /* Images.xcassets */; };
		648EA91C1B095A0D00859208 /* LaunchScreen.xib in Resources */ = {isa = PBXBuildFile; fileRef = 648EA91A1B095A0D00859208 /* LaunchScreen.xib */; };
		648EA9281B095A0D00859208 /* LocationSugesstionTests.m in Sources */ = {isa = PBXBuildFile; fileRef = 648EA9271B095A0D00859208 /* LocationSugesstionTests.m */; };
		648EA9331B095B1A00859208 /* VSNetworkController.m in Sources */ = {isa = PBXBuildFile; fileRef = 648EA9321B095B1A00859208 /* VSNetworkController.m */; };
		648EA9361B09642800859208 /* VSLocationSuggestion.m in Sources */ = {isa = PBXBuildFile; fileRef = 648EA9351B09642800859208 /* VSLocationSuggestion.m */; };
		648EA9391B0969E700859208 /* VSSuggestionDataSource.m in Sources */ = {isa = PBXBuildFile; fileRef = 648EA9381B0969E700859208 /* VSSuggestionDataSource.m */; };
		70C7A4AEFB4BE4166E9AF4F7 /* libPods.a in Frameworks */ = {isa = PBXBuildFile; fileRef = 093904A49FE8E1216281BC07 /* libPods.a */; };
/* End PBXBuildFile section */

/* Begin PBXContainerItemProxy section */
		648EA9221B095A0D00859208 /* PBXContainerItemProxy */ = {
			isa = PBXContainerItemProxy;
			containerPortal = 648EA9001B095A0D00859208 /* Project object */;
			proxyType = 1;
			remoteGlobalIDString = 648EA9071B095A0D00859208;
			remoteInfo = LocationSugesstion;
		};
/* End PBXContainerItemProxy section */

/* Begin PBXFileReference section */
		093904A49FE8E1216281BC07 /* libPods.a */ = {isa = PBXFileReference; explicitFileType = archive.ar; includeInIndex = 0; path = libPods.a; sourceTree = BUILT_PRODUCTS_DIR; };
		648EA9081B095A0D00859208 /* LocationSugesstion.app */ = {isa = PBXFileReference; explicitFileType = wrapper.application; includeInIndex = 0; path = LocationSugesstion.app; sourceTree = BUILT_PRODUCTS_DIR; };
		648EA90C1B095A0D00859208 /* Info.plist */ = {isa = PBXFileReference; lastKnownFileType = text.plist.xml; path = Info.plist; sourceTree = "<group>"; };
		648EA90D1B095A0D00859208 /* main.m */ = {isa = PBXFileReference; lastKnownFileType = sourcecode.c.objc; path = main.m; sourceTree = "<group>"; };
		648EA90F1B095A0D00859208 /* AppDelegate.h */ = {isa = PBXFileReference; lastKnownFileType = sourcecode.c.h; path = AppDelegate.h; sourceTree = "<group>"; };
		648EA9101B095A0D00859208 /* AppDelegate.m */ = {isa = PBXFileReference; lastKnownFileType = sourcecode.c.objc; path = AppDelegate.m; sourceTree = "<group>"; };
		648EA9121B095A0D00859208 /* ViewController.h */ = {isa = PBXFileReference; lastKnownFileType = sourcecode.c.h; path = ViewController.h; sourceTree = "<group>"; };
		648EA9131B095A0D00859208 /* ViewController.m */ = {isa = PBXFileReference; lastKnownFileType = sourcecode.c.objc; path = ViewController.m; sourceTree = "<group>"; };
		648EA9161B095A0D00859208 /* Base */ = {isa = PBXFileReference; lastKnownFileType = file.storyboard; name = Base; path = Base.lproj/Main.storyboard; sourceTree = "<group>"; };
		648EA9181B095A0D00859208 /* Images.xcassets */ = {isa = PBXFileReference; lastKnownFileType = folder.assetcatalog; path = Images.xcassets; sourceTree = "<group>"; };
		648EA91B1B095A0D00859208 /* Base */ = {isa = PBXFileReference; lastKnownFileType = file.xib; name = Base; path = Base.lproj/LaunchScreen.xib; sourceTree = "<group>"; };
		648EA9211B095A0D00859208 /* LocationSugesstionTests.xctest */ = {isa = PBXFileReference; explicitFileType = wrapper.cfbundle; includeInIndex = 0; path = LocationSugesstionTests.xctest; sourceTree = BUILT_PRODUCTS_DIR; };
		648EA9261B095A0D00859208 /* Info.plist */ = {isa = PBXFileReference; lastKnownFileType = text.plist.xml; path = Info.plist; sourceTree = "<group>"; };
		648EA9271B095A0D00859208 /* LocationSugesstionTests.m */ = {isa = PBXFileReference; lastKnownFileType = sourcecode.c.objc; path = LocationSugesstionTests.m; sourceTree = "<group>"; };
		648EA9311B095B1A00859208 /* VSNetworkController.h */ = {isa = PBXFileReference; fileEncoding = 4; lastKnownFileType = sourcecode.c.h; path = VSNetworkController.h; sourceTree = "<group>"; };
		648EA9321B095B1A00859208 /* VSNetworkController.m */ = {isa = PBXFileReference; fileEncoding = 4; lastKnownFileType = sourcecode.c.objc; path = VSNetworkController.m; sourceTree = "<group>"; };
		648EA9341B09642800859208 /* VSLocationSuggestion.h */ = {isa = PBXFileReference; fileEncoding = 4; lastKnownFileType = sourcecode.c.h; path = VSLocationSuggestion.h; sourceTree = "<group>"; };
		648EA9351B09642800859208 /* VSLocationSuggestion.m */ = {isa = PBXFileReference; fileEncoding = 4; lastKnownFileType = sourcecode.c.objc; path = VSLocationSuggestion.m; sourceTree = "<group>"; };
		648EA9371B0969E700859208 /* VSSuggestionDataSource.h */ = {isa = PBXFileReference; fileEncoding = 4; lastKnownFileType = sourcecode.c.h; path = VSSuggestionDataSource.h; sourceTree = "<group>"; };
		648EA9381B0969E700859208 /* VSSuggestionDataSource.m */ = {isa = PBXFileReference; fileEncoding = 4; lastKnownFileType = sourcecode.c.objc; path = VSSuggestionDataSource.m; sourceTree = "<group>"; };
		D7B665159AE249D423B48971 /* Pods.debug.xcconfig */ = {isa = PBXFileReference; includeInIndex = 1; lastKnownFileType = text.xcconfig; name = Pods.debug.xcconfig; path = "Pods/Target Support Files/Pods/Pods.debug.xcconfig"; sourceTree = "<group>"; };
		F53BDC978EF1A07E2D1A970F /* Pods.release.xcconfig */ = {isa = PBXFileReference; includeInIndex = 1; lastKnownFileType = text.xcconfig; name = Pods.release.xcconfig; path = "Pods/Target Support Files/Pods/Pods.release.xcconfig"; sourceTree = "<group>"; };
/* End PBXFileReference section */

/* Begin PBXFrameworksBuildPhase section */
		648EA9051B095A0D00859208 /* Frameworks */ = {
			isa = PBXFrameworksBuildPhase;
			buildActionMask = 2147483647;
			files = (
				70C7A4AEFB4BE4166E9AF4F7 /* libPods.a in Frameworks */,
			);
			runOnlyForDeploymentPostprocessing = 0;
		};
		648EA91E1B095A0D00859208 /* Frameworks */ = {
			isa = PBXFrameworksBuildPhase;
			buildActionMask = 2147483647;
			files = (
			);
			runOnlyForDeploymentPostprocessing = 0;
		};
/* End PBXFrameworksBuildPhase section */

/* Begin PBXGroup section */
		34BAD9A1009A1083A8FBC864 /* Frameworks */ = {
			isa = PBXGroup;
			children = (
				093904A49FE8E1216281BC07 /* libPods.a */,
			);
			name = Frameworks;
			sourceTree = "<group>";
		};
		648EA8FF1B095A0D00859208 = {
			isa = PBXGroup;
			children = (
				648EA90A1B095A0D00859208 /* LocationSugesstion */,
				648EA9241B095A0D00859208 /* LocationSugesstionTests */,
				648EA9091B095A0D00859208 /* Products */,
				D77CEE153AAAB4B268195A6B /* Pods */,
				34BAD9A1009A1083A8FBC864 /* Frameworks */,
			);
			sourceTree = "<group>";
		};
		648EA9091B095A0D00859208 /* Products */ = {
			isa = PBXGroup;
			children = (
				648EA9081B095A0D00859208 /* LocationSugesstion.app */,
				648EA9211B095A0D00859208 /* LocationSugesstionTests.xctest */,
			);
			name = Products;
			sourceTree = "<group>";
		};
		648EA90A1B095A0D00859208 /* LocationSugesstion */ = {
			isa = PBXGroup;
			children = (
				648EA90F1B095A0D00859208 /* AppDelegate.h */,
				648EA9101B095A0D00859208 /* AppDelegate.m */,
				648EA9121B095A0D00859208 /* ViewController.h */,
				648EA9131B095A0D00859208 /* ViewController.m */,
				648EA9151B095A0D00859208 /* Main.storyboard */,
				648EA9181B095A0D00859208 /* Images.xcassets */,
				648EA91A1B095A0D00859208 /* LaunchScreen.xib */,
				648EA90B1B095A0D00859208 /* Supporting Files */,
				648EA9311B095B1A00859208 /* VSNetworkController.h */,
				648EA9321B095B1A00859208 /* VSNetworkController.m */,
				648EA9341B09642800859208 /* VSLocationSuggestion.h */,
				648EA9351B09642800859208 /* VSLocationSuggestion.m */,
				648EA9371B0969E700859208 /* VSSuggestionDataSource.h */,
				648EA9381B0969E700859208 /* VSSuggestionDataSource.m */,
			);
			path = LocationSugesstion;
			sourceTree = "<group>";
		};
		648EA90B1B095A0D00859208 /* Supporting Files */ = {
			isa = PBXGroup;
			children = (
				648EA90C1B095A0D00859208 /* Info.plist */,
				648EA90D1B095A0D00859208 /* main.m */,
			);
			name = "Supporting Files";
			sourceTree = "<group>";
		};
		648EA9241B095A0D00859208 /* LocationSugesstionTests */ = {
			isa = PBXGroup;
			children = (
				648EA9271B095A0D00859208 /* LocationSugesstionTests.m */,
				648EA9251B095A0D00859208 /* Supporting Files */,
			);
			path = LocationSugesstionTests;
			sourceTree = "<group>";
		};
		648EA9251B095A0D00859208 /* Supporting Files */ = {
			isa = PBXGroup;
			children = (
				648EA9261B095A0D00859208 /* Info.plist */,
			);
			name = "Supporting Files";
			sourceTree = "<group>";
		};
		D77CEE153AAAB4B268195A6B /* Pods */ = {
			isa = PBXGroup;
			children = (
				D7B665159AE249D423B48971 /* Pods.debug.xcconfig */,
				F53BDC978EF1A07E2D1A970F /* Pods.release.xcconfig */,
			);
			name = Pods;
			sourceTree = "<group>";
		};
/* End PBXGroup section */

/* Begin PBXNativeTarget section */
		648EA9071B095A0D00859208 /* LocationSugesstion */ = {
			isa = PBXNativeTarget;
			buildConfigurationList = 648EA92B1B095A0D00859208 /* Build configuration list for PBXNativeTarget "LocationSugesstion" */;
			buildPhases = (
				D903EEE97CDC1C353BFF34EC /* Check Pods Manifest.lock */,
				648EA9041B095A0D00859208 /* Sources */,
				648EA9051B095A0D00859208 /* Frameworks */,
				648EA9061B095A0D00859208 /* Resources */,
				8F2F91661B1767ACA5069692 /* Copy Pods Resources */,
			);
			buildRules = (
			);
			dependencies = (
			);
			name = LocationSugesstion;
			productName = LocationSugesstion;
			productReference = 648EA9081B095A0D00859208 /* LocationSugesstion.app */;
			productType = "com.apple.product-type.application";
		};
		648EA9201B095A0D00859208 /* LocationSugesstionTests */ = {
			isa = PBXNativeTarget;
			buildConfigurationList = 648EA92E1B095A0D00859208 /* Build configuration list for PBXNativeTarget "LocationSugesstionTests" */;
			buildPhases = (
				648EA91D1B095A0D00859208 /* Sources */,
				648EA91E1B095A0D00859208 /* Frameworks */,
				648EA91F1B095A0D00859208 /* Resources */,
			);
			buildRules = (
			);
			dependencies = (
				648EA9231B095A0D00859208 /* PBXTargetDependency */,
			);
			name = LocationSugesstionTests;
			productName = LocationSugesstionTests;
			productReference = 648EA9211B095A0D00859208 /* LocationSugesstionTests.xctest */;
			productType = "com.apple.product-type.bundle.unit-test";
		};
/* End PBXNativeTarget section */

/* Begin PBXProject section */
		648EA9001B095A0D00859208 /* Project object */ = {
			isa = PBXProject;
			attributes = {
				LastUpgradeCheck = 0630;
				ORGANIZATIONNAME = "Manuel Meyer";
				TargetAttributes = {
					648EA9071B095A0D00859208 = {
						CreatedOnToolsVersion = 6.3;
					};
					648EA9201B095A0D00859208 = {
						CreatedOnToolsVersion = 6.3;
						TestTargetID = 648EA9071B095A0D00859208;
					};
				};
			};
			buildConfigurationList = 648EA9031B095A0D00859208 /* Build configuration list for PBXProject "LocationSugesstion" */;
			compatibilityVersion = "Xcode 3.2";
			developmentRegion = English;
			hasScannedForEncodings = 0;
			knownRegions = (
				en,
				Base,
			);
			mainGroup = 648EA8FF1B095A0D00859208;
			productRefGroup = 648EA9091B095A0D00859208 /* Products */;
			projectDirPath = "";
			projectRoot = "";
			targets = (
				648EA9071B095A0D00859208 /* LocationSugesstion */,
				648EA9201B095A0D00859208 /* LocationSugesstionTests */,
			);
		};
/* End PBXProject section */

/* Begin PBXResourcesBuildPhase section */
		648EA9061B095A0D00859208 /* Resources */ = {
			isa = PBXResourcesBuildPhase;
			buildActionMask = 2147483647;
			files = (
				648EA9171B095A0D00859208 /* Main.storyboard in Resources */,
				648EA91C1B095A0D00859208 /* LaunchScreen.xib in Resources */,
				648EA9191B095A0D00859208 /* Images.xcassets in Resources */,
			);
			runOnlyForDeploymentPostprocessing = 0;
		};
		648EA91F1B095A0D00859208 /* Resources */ = {
			isa = PBXResourcesBuildPhase;
			buildActionMask = 2147483647;
			files = (
			);
			runOnlyForDeploymentPostprocessing = 0;
		};
/* End PBXResourcesBuildPhase section */

/* Begin PBXShellScriptBuildPhase section */
		8F2F91661B1767ACA5069692 /* Copy Pods Resources */ = {
			isa = PBXShellScriptBuildPhase;
			buildActionMask = 2147483647;
			files = (
			);
			inputPaths = (
			);
			name = "Copy Pods Resources";
			outputPaths = (
			);
			runOnlyForDeploymentPostprocessing = 0;
			shellPath = /bin/sh;
			shellScript = "\"${SRCROOT}/Pods/Target Support Files/Pods/Pods-resources.sh\"\n";
			showEnvVarsInLog = 0;
		};
		D903EEE97CDC1C353BFF34EC /* Check Pods Manifest.lock */ = {
			isa = PBXShellScriptBuildPhase;
			buildActionMask = 2147483647;
			files = (
			);
			inputPaths = (
			);
			name = "Check Pods Manifest.lock";
			outputPaths = (
			);
			runOnlyForDeploymentPostprocessing = 0;
			shellPath = /bin/sh;
			shellScript = "diff \"${PODS_ROOT}/../Podfile.lock\" \"${PODS_ROOT}/Manifest.lock\" > /dev/null\nif [[ $? != 0 ]] ; then\n    cat << EOM\nerror: The sandbox is not in sync with the Podfile.lock. Run 'pod install' or update your CocoaPods installation.\nEOM\n    exit 1\nfi\n";
			showEnvVarsInLog = 0;
		};
/* End PBXShellScriptBuildPhase section */

/* Begin PBXSourcesBuildPhase section */
		648EA9041B095A0D00859208 /* Sources */ = {
			isa = PBXSourcesBuildPhase;
			buildActionMask = 2147483647;
			files = (
				648EA9141B095A0D00859208 /* ViewController.m in Sources */,
				648EA9391B0969E700859208 /* VSSuggestionDataSource.m in Sources */,
				648EA9111B095A0D00859208 /* AppDelegate.m in Sources */,
				648EA9361B09642800859208 /* VSLocationSuggestion.m in Sources */,
				648EA90E1B095A0D00859208 /* main.m in Sources */,
				648EA9331B095B1A00859208 /* VSNetworkController.m in Sources */,
			);
			runOnlyForDeploymentPostprocessing = 0;
		};
		648EA91D1B095A0D00859208 /* Sources */ = {
			isa = PBXSourcesBuildPhase;
			buildActionMask = 2147483647;
			files = (
				648EA9281B095A0D00859208 /* LocationSugesstionTests.m in Sources */,
			);
			runOnlyForDeploymentPostprocessing = 0;
		};
/* End PBXSourcesBuildPhase section */

/* Begin PBXTargetDependency section */
		648EA9231B095A0D00859208 /* PBXTargetDependency */ = {
			isa = PBXTargetDependency;
			target = 648EA9071B095A0D00859208 /* LocationSugesstion */;
			targetProxy = 648EA9221B095A0D00859208 /* PBXContainerItemProxy */;
		};
/* End PBXTargetDependency section */

/* Begin PBXVariantGroup section */
		648EA9151B095A0D00859208 /* Main.storyboard */ = {
			isa = PBXVariantGroup;
			children = (
				648EA9161B095A0D00859208 /* Base */,
			);
			name = Main.storyboard;
			sourceTree = "<group>";
		};
		648EA91A1B095A0D00859208 /* LaunchScreen.xib */ = {
			isa = PBXVariantGroup;
			children = (
				648EA91B1B095A0D00859208 /* Base */,
			);
			name = LaunchScreen.xib;
			sourceTree = "<group>";
		};
/* End PBXVariantGroup section */

/* Begin XCBuildConfiguration section */
		648EA9291B095A0D00859208 /* Debug */ = {
			isa = XCBuildConfiguration;
			buildSettings = {
				ALWAYS_SEARCH_USER_PATHS = NO;
				CLANG_CXX_LANGUAGE_STANDARD = "gnu++0x";
				CLANG_CXX_LIBRARY = "libc++";
				CLANG_ENABLE_MODULES = YES;
				CLANG_ENABLE_OBJC_ARC = YES;
				CLANG_WARN_BOOL_CONVERSION = YES;
				CLANG_WARN_CONSTANT_CONVERSION = YES;
				CLANG_WARN_DIRECT_OBJC_ISA_USAGE = YES_ERROR;
				CLANG_WARN_EMPTY_BODY = YES;
				CLANG_WARN_ENUM_CONVERSION = YES;
				CLANG_WARN_INT_CONVERSION = YES;
				CLANG_WARN_OBJC_ROOT_CLASS = YES_ERROR;
				CLANG_WARN_UNREACHABLE_CODE = YES;
				CLANG_WARN__DUPLICATE_METHOD_MATCH = YES;
				"CODE_SIGN_IDENTITY[sdk=iphoneos*]" = "iPhone Developer";
				COPY_PHASE_STRIP = NO;
				DEBUG_INFORMATION_FORMAT = "dwarf-with-dsym";
				ENABLE_STRICT_OBJC_MSGSEND = YES;
				GCC_C_LANGUAGE_STANDARD = gnu99;
				GCC_DYNAMIC_NO_PIC = NO;
				GCC_NO_COMMON_BLOCKS = YES;
				GCC_OPTIMIZATION_LEVEL = 0;
				GCC_PREPROCESSOR_DEFINITIONS = (
					"DEBUG=1",
					"$(inherited)",
				);
				GCC_SYMBOLS_PRIVATE_EXTERN = NO;
				GCC_WARN_64_TO_32_BIT_CONVERSION = YES;
				GCC_WARN_ABOUT_RETURN_TYPE = YES_ERROR;
				GCC_WARN_UNDECLARED_SELECTOR = YES;
				GCC_WARN_UNINITIALIZED_AUTOS = YES_AGGRESSIVE;
				GCC_WARN_UNUSED_FUNCTION = YES;
				GCC_WARN_UNUSED_VARIABLE = YES;
				IPHONEOS_DEPLOYMENT_TARGET = 8.3;
				MTL_ENABLE_DEBUG_INFO = YES;
				ONLY_ACTIVE_ARCH = YES;
				SDKROOT = iphoneos;
				TARGETED_DEVICE_FAMILY = "1,2";
			};
			name = Debug;
		};
		648EA92A1B095A0D00859208 /* Release */ = {
			isa = XCBuildConfiguration;
			buildSettings = {
				ALWAYS_SEARCH_USER_PATHS = NO;
				CLANG_CXX_LANGUAGE_STANDARD = "gnu++0x";
				CLANG_CXX_LIBRARY = "libc++";
				CLANG_ENABLE_MODULES = YES;
				CLANG_ENABLE_OBJC_ARC = YES;
				CLANG_WARN_BOOL_CONVERSION = YES;
				CLANG_WARN_CONSTANT_CONVERSION = YES;
				CLANG_WARN_DIRECT_OBJC_ISA_USAGE = YES_ERROR;
				CLANG_WARN_EMPTY_BODY = YES;
				CLANG_WARN_ENUM_CONVERSION = YES;
				CLANG_WARN_INT_CONVERSION = YES;
				CLANG_WARN_OBJC_ROOT_CLASS = YES_ERROR;
				CLANG_WARN_UNREACHABLE_CODE = YES;
				CLANG_WARN__DUPLICATE_METHOD_MATCH = YES;
				"CODE_SIGN_IDENTITY[sdk=iphoneos*]" = "iPhone Developer";
				COPY_PHASE_STRIP = NO;
				DEBUG_INFORMATION_FORMAT = "dwarf-with-dsym";
				ENABLE_NS_ASSERTIONS = NO;
				ENABLE_STRICT_OBJC_MSGSEND = YES;
				GCC_C_LANGUAGE_STANDARD = gnu99;
				GCC_NO_COMMON_BLOCKS = YES;
				GCC_WARN_64_TO_32_BIT_CONVERSION = YES;
				GCC_WARN_ABOUT_RETURN_TYPE = YES_ERROR;
				GCC_WARN_UNDECLARED_SELECTOR = YES;
				GCC_WARN_UNINITIALIZED_AUTOS = YES_AGGRESSIVE;
				GCC_WARN_UNUSED_FUNCTION = YES;
				GCC_WARN_UNUSED_VARIABLE = YES;
				IPHONEOS_DEPLOYMENT_TARGET = 8.3;
				MTL_ENABLE_DEBUG_INFO = NO;
				SDKROOT = iphoneos;
				TARGETED_DEVICE_FAMILY = "1,2";
				VALIDATE_PRODUCT = YES;
			};
			name = Release;
		};
		648EA92C1B095A0D00859208 /* Debug */ = {
			isa = XCBuildConfiguration;
			baseConfigurationReference = D7B665159AE249D423B48971 /* Pods.debug.xcconfig */;
			buildSettings = {
				ASSETCATALOG_COMPILER_APPICON_NAME = AppIcon;
				INFOPLIST_FILE = LocationSugesstion/Info.plist;
				LD_RUNPATH_SEARCH_PATHS = "$(inherited) @executable_path/Frameworks";
				PRODUCT_NAME = "$(TARGET_NAME)";
			};
			name = Debug;
		};
		648EA92D1B095A0D00859208 /* Release */ = {
			isa = XCBuildConfiguration;
			baseConfigurationReference = F53BDC978EF1A07E2D1A970F /* Pods.release.xcconfig */;
			buildSettings = {
				ASSETCATALOG_COMPILER_APPICON_NAME = AppIcon;
				INFOPLIST_FILE = LocationSugesstion/Info.plist;
				LD_RUNPATH_SEARCH_PATHS = "$(inherited) @executable_path/Frameworks";
				PRODUCT_NAME = "$(TARGET_NAME)";
			};
			name = Release;
		};
		648EA92F1B095A0D00859208 /* Debug */ = {
			isa = XCBuildConfiguration;
			buildSettings = {
				BUNDLE_LOADER = "$(TEST_HOST)";
				FRAMEWORK_SEARCH_PATHS = (
					"$(SDKROOT)/Developer/Library/Frameworks",
					"$(inherited)",
				);
				GCC_PREPROCESSOR_DEFINITIONS = (
					"DEBUG=1",
					"$(inherited)",
				);
				INFOPLIST_FILE = LocationSugesstionTests/Info.plist;
				LD_RUNPATH_SEARCH_PATHS = "$(inherited) @executable_path/Frameworks @loader_path/Frameworks";
				PRODUCT_NAME = "$(TARGET_NAME)";
				TEST_HOST = "$(BUILT_PRODUCTS_DIR)/LocationSugesstion.app/LocationSugesstion";
			};
			name = Debug;
		};
		648EA9301B095A0D00859208 /* Release */ = {
			isa = XCBuildConfiguration;
			buildSettings = {
				BUNDLE_LOADER = "$(TEST_HOST)";
				FRAMEWORK_SEARCH_PATHS = (
					"$(SDKROOT)/Developer/Library/Frameworks",
					"$(inherited)",
				);
				INFOPLIST_FILE = LocationSugesstionTests/Info.plist;
				LD_RUNPATH_SEARCH_PATHS = "$(inherited) @executable_path/Frameworks @loader_path/Frameworks";
				PRODUCT_NAME = "$(TARGET_NAME)";
				TEST_HOST = "$(BUILT_PRODUCTS_DIR)/LocationSugesstion.app/LocationSugesstion";
			};
			name = Release;
		};
/* End XCBuildConfiguration section */

/* Begin XCConfigurationList section */
		648EA9031B095A0D00859208 /* Build configuration list for PBXProject "LocationSugesstion" */ = {
			isa = XCConfigurationList;
			buildConfigurations = (
				648EA9291B095A0D00859208 /* Debug */,
				648EA92A1B095A0D00859208 /* Release */,
			);
			defaultConfigurationIsVisible = 0;
			defaultConfigurationName = Release;
		};
		648EA92B1B095A0D00859208 /* Build configuration list for PBXNativeTarget "LocationSugesstion" */ = {
			isa = XCConfigurationList;
			buildConfigurations = (
				648EA92C1B095A0D00859208 /* Debug */,
				648EA92D1B095A0D00859208 /* Release */,
			);
			defaultConfigurationIsVisible = 0;
			defaultConfigurationName = Release;
		};
		648EA92E1B095A0D00859208 /* Build configuration list for PBXNativeTarget "LocationSugesstionTests" */ = {
			isa = XCConfigurationList;
			buildConfigurations = (
				648EA92F1B095A0D00859208 /* Debug */,
				648EA9301B095A0D00859208 /* Release */,
			);
			defaultConfigurationIsVisible = 0;
			defaultConfigurationName = Release;
		};
/* End XCConfigurationList section */
	};
	rootObject = 648EA9001B095A0D00859208 /* Project object */;
}
